dependencies:
- name: dagster-user-deployments
  repository: ""
  version: 1.13.8
- name: postgresql
  repository: https://raw.githubusercontent.com/bitnami/charts/eb5f9a9513d987b519f0ecd732e7031241c50328/bitnami
  version: 8.1.0
- name: rabbitmq
  repository: https://raw.githubusercontent.com/bitnami/charts/eb5f9a9513d987b519f0ecd732e7031241c50328/bitnami
  version: 6.16.3
- name: redis
  repository: https://raw.githubusercontent.com/bitnami/charts/eb5f9a9513d987b519f0ecd732e7031241c50328/bitnami
  version: 12.7.4
digest: sha256:ac9f2ba9f43ee3e8f7fac547e8fb94e74bc2f266775d735f6f53304928f768a3
generated: "2026-06-04T18:11:43.862386159Z"
